
Microsoft Visual Studio Solution File, Format Version 12.00
# Visual Studio Version 16
VisualStudioVersion = 16.0.31005.135
MinimumVisualStudioVersion = 10.0.40219.1
Project("{FAE04EC0-301F-11D3-BF4B-00C04F79EFBC}") = "Zoom Application", "Zoom Application\Zoom Application.csproj", "{11A8B2C6-8C1A-4265-8858-9D5EB060BACD}"
EndProject
Global
	GlobalSection(SolutionConfigurationPlatforms) = preSolution
		Debug|Any CPU = Debug|Any CPU
		Release|Any CPU = Release|Any CPU
	EndGlobalSection
	GlobalSection(ProjectConfigurationPlatforms) = postSolution
		{11A8B2C6-8C1A-4265-8858-9D5EB060BACD}.Debug|Any CPU.ActiveCfg = Debug|Any CPU
		{11A8B2C6-8C1A-4265-8858-9D5EB060BACD}.Debug|Any CPU.Build.0 = Debug|Any CPU
		{11A8B2C6-8C1A-4265-8858-9D5EB060BACD}.Release|Any CPU.ActiveCfg = Release|Any CPU
		{11A8B2C6-8C1A-4265-8858-9D5EB060BACD}.Release|Any CPU.Build.0 = Release|Any CPU
	EndGlobalSection
	GlobalSection(SolutionProperties) = preSolution
		HideSolutionNode = FALSE
	EndGlobalSection
	GlobalSection(ExtensibilityGlobals) = postSolution
		SolutionGuid = {D160F0F6-18EE-451B-9CCE-AF0739A5A675}
	EndGlobalSection
EndGlobal
